Microsoft Visual Studio Solution File, Format Version 12.00
# Visual Studio 2013
VisualStudioVersion = 12.0.30723.0
MinimumVisualStudioVersion = 10.0.40219.1
Project("{FAE04EC0-301F-11D3-BF4B-00C04F79EFBC}") = "ADPickerTester", "ADPickerTester\ADPickerTester.Old.csproj", "{46550771-182F-4A29-9879-AD837D0A9D10}"
EndProject
Project("{FAE04EC0-301F-11D3-BF4B-00C04F79EFBC}") = "Tulpep.ActiveDirectoryObjectPicker", "Tulpep.ActiveDirectoryObjectPicker\Tulpep.ActiveDirectoryObjectPicker.Old.csproj", "{AD25BE24-8A42-44E0-9588-3767F572C338}"
EndProject
Global
	GlobalSection(SolutionConfigurationPlatforms) = preSolution
		Debug|Any CPU = Debug|Any CPU
		Release|Any CPU = Release|Any CPU
	EndGlobalSection
	GlobalSection(ProjectConfigurationPlatforms) = postSolution
		{46550771-182F-4A29-9879-AD837D0A9D10}.Debug|Any CPU.ActiveCfg = Debug|Any CPU
		{46550771-182F-4A29-9879-AD837D0A9D10}.Debug|Any CPU.Build.0 = Debug|Any CPU
		{46550771-182F-4A29-9879-AD837D0A9D10}.Release|Any CPU.ActiveCfg = Release|Any CPU
		{46550771-182F-4A29-9879-AD837D0A9D10}.Release|Any CPU.Build.0 = Release|Any CPU
		{AD25BE24-8A42-44E0-9588-3767F572C338}.Debug|Any CPU.ActiveCfg = Debug|Any CPU
		{AD25BE24-8A42-44E0-9588-3767F572C338}.Debug|Any CPU.Build.0 = Debug|Any CPU
		{AD25BE24-8A42-44E0-9588-3767F572C338}.Release|Any CPU.ActiveCfg = Release|Any CPU
		{AD25BE24-8A42-44E0-9588-3767F572C338}.Release|Any CPU.Build.0 = Release|Any CPU
	EndGlobalSection
	GlobalSection(SolutionProperties) = preSolution
		HideSolutionNode = FALSE
	EndGlobalSection
EndGlobal